{
  "name": "document-viz-components",
  "version": "0.0.1",
  "lockfileVersion": 3,
  "requires": true,
  "packages": {
    "": {
      "name": "document-viz-components",
      "version": "0.0.1",
      "license": "AGPL-3.0-only",
      "dependencies": {
        "@stencil/core": "^4.7.0"
      },
      "devDependencies": {
        "@types/node": "^16.18.11"
      }
    },
    "node_modules/@stencil/core": {
      "version": "4.12.3",
      "resolved": "https://registry.npmjs.org/@stencil/core/-/core-4.12.3.tgz",
      "integrity": "sha512-9XkE9i2aXPlApMNeq3tbVHKx0eAfDc7QGyIl6t5NMuQFTOGL5Xd1soF38d+hCIDpUoUUtY7jXWg+iFrlrMzQhg==",
      "bin": {
        "stencil": "bin/stencil"
      },
      "engines": {
        "node": ">=16.0.0",
        "npm": ">=7.10.0"
      }
    },
    "node_modules/@types/node": {
      "version": "16.18.83",
      "resolved": "https://registry.npmjs.org/@types/node/-/node-16.18.83.tgz",
      "integrity": "sha512-TmBqzDY/GeCEmLob/31SunOQnqYE3ZiiuEh1U9o3HqE1E2cqKZQA5RQg4krEguCY3StnkXyDmCny75qyFLx/rA==",
      "dev": true
    }
  }
}
