{
  "name": "document-viz-components",
  "version": "0.0.1",
  "lockfileVersion": 3,
  "requires": true,
  "packages": {
    "": {
      "name": "document-viz-components",
      "version": "0.0.1",
      "license": "AGPL-3.0-only",
      "dependencies": {
        "@stencil/core": "^4.7.0",
        "cytoscape": "^3.28.1",
        "cytoscape-dagre": "^2.5.0",
        "javascript-color-gradient": "^2.4.4"
      },
      "devDependencies": {
        "@rollup/plugin-wasm": "^6.2.2",
        "@types/cytoscape": "^3.19.16",
        "@types/cytoscape-dagre": "^2.3.3",
        "@types/document-viz-wasm": "file:../wasm/pkg",
        "@types/node": "^16.18.11",
        "document-viz-wasm": "file:../wasm/pkg"
      }
    },
    "../wasm/pkg": {
      "name": "document-viz-wasm",
      "version": "0.1.0",
      "dev": true
    },
    "node_modules/@rollup/plugin-wasm": {
      "version": "6.2.2",
      "resolved": "https://registry.npmjs.org/@rollup/plugin-wasm/-/plugin-wasm-6.2.2.tgz",
      "integrity": "sha512-gpC4R1G9Ni92ZIRTexqbhX7U+9estZrbhP+9SRb0DW9xpB9g7j34r+J2hqrcW/lRI7dJaU84MxZM0Rt82tqYPQ==",
      "dev": true,
      "dependencies": {
        "@rollup/pluginutils": "^5.0.2"
      },
      "engines": {
        "node": ">=14.0.0"
      },
      "peerDependencies": {
        "rollup": "^1.20.0||^2.0.0||^3.0.0||^4.0.0"
      },
      "peerDependenciesMeta": {
        "rollup": {
          "optional": true
        }
      }
    },
    "node_modules/@rollup/pluginutils": {
      "version": "5.1.0",
      "resolved": "https://registry.npmjs.org/@rollup/pluginutils/-/pluginutils-5.1.0.tgz",
      "integrity": "sha512-XTIWOPPcpvyKI6L1NHo0lFlCyznUEyPmPY1mc3KpPVDYulHSTvyeLNVW00QTLIAFNhR3kYnJTQHeGqU4M3n09g==",
      "dev": true,
      "dependencies": {
        "@types/estree": "^1.0.0",
        "estree-walker": "^2.0.2",
        "picomatch": "^2.3.1"
      },
      "engines": {
        "node": ">=14.0.0"
      },
      "peerDependencies": {
        "rollup": "^1.20.0||^2.0.0||^3.0.0||^4.0.0"
      },
      "peerDependenciesMeta": {
        "rollup": {
          "optional": true
        }
      }
    },
    "node_modules/@stencil/core": {
      "version": "4.12.3",
      "resolved": "https://registry.npmjs.org/@stencil/core/-/core-4.12.3.tgz",
      "integrity": "sha512-9XkE9i2aXPlApMNeq3tbVHKx0eAfDc7QGyIl6t5NMuQFTOGL5Xd1soF38d+hCIDpUoUUtY7jXWg+iFrlrMzQhg==",
      "bin": {
        "stencil": "bin/stencil"
      },
      "engines": {
        "node": ">=16.0.0",
        "npm": ">=7.10.0"
      }
    },
    "node_modules/@types/cytoscape": {
      "version": "3.19.16",
      "resolved": "https://registry.npmjs.org/@types/cytoscape/-/cytoscape-3.19.16.tgz",
      "integrity": "sha512-A3zkjaZ6cOGyqEvrVuC1YUgiRSJhDZOj8Qhd1ALH2/+YxH2za1BOmR4RWQsKYHsc+aMP/IWoqg1COuUbZ39t/g==",
      "dev": true
    },
    "node_modules/@types/cytoscape-dagre": {
      "version": "2.3.3",
      "resolved": "https://registry.npmjs.org/@types/cytoscape-dagre/-/cytoscape-dagre-2.3.3.tgz",
      "integrity": "sha512-FJBsNMbBZpqNwT6rp5leVYMevWUjnyD1QS8erNMAMWoBifvaVUklXIjE+bllLDSowjM3abXuRvljliSXUU+d1A==",
      "dev": true,
      "dependencies": {
        "@types/cytoscape": "*"
      }
    },
    "node_modules/@types/document-viz-wasm": {
      "resolved": "../wasm/pkg",
      "link": true
    },
    "node_modules/@types/estree": {
      "version": "1.0.5",
      "resolved": "https://registry.npmjs.org/@types/estree/-/estree-1.0.5.tgz",
      "integrity": "sha512-/kYRxGDLWzHOB7q+wtSUQlFrtcdUccpfy+X+9iMBpHK8QLLhx2wIPYuS5DYtR9Wa/YlZAbIovy7qVdB1Aq6Lyw==",
      "dev": true
    },
    "node_modules/@types/node": {
      "version": "16.18.83",
      "resolved": "https://registry.npmjs.org/@types/node/-/node-16.18.83.tgz",
      "integrity": "sha512-TmBqzDY/GeCEmLob/31SunOQnqYE3ZiiuEh1U9o3HqE1E2cqKZQA5RQg4krEguCY3StnkXyDmCny75qyFLx/rA==",
      "dev": true
    },
    "node_modules/cytoscape": {
      "version": "3.28.1",
      "resolved": "https://registry.npmjs.org/cytoscape/-/cytoscape-3.28.1.tgz",
      "integrity": "sha512-xyItz4O/4zp9/239wCcH8ZcFuuZooEeF8KHRmzjDfGdXsj3OG9MFSMA0pJE0uX3uCN/ygof6hHf4L7lst+JaDg==",
      "dependencies": {
        "heap": "^0.2.6",
        "lodash": "^4.17.21"
      },
      "engines": {
        "node": ">=0.10"
      }
    },
    "node_modules/cytoscape-dagre": {
      "version": "2.5.0",
      "resolved": "https://registry.npmjs.org/cytoscape-dagre/-/cytoscape-dagre-2.5.0.tgz",
      "integrity": "sha512-VG2Knemmshop4kh5fpLO27rYcyUaaDkRw+6PiX4bstpB+QFt0p2oauMrsjVbUamGWQ6YNavh7x2em2uZlzV44g==",
      "dependencies": {
        "dagre": "^0.8.5"
      },
      "peerDependencies": {
        "cytoscape": "^3.2.22"
      }
    },
    "node_modules/dagre": {
      "version": "0.8.5",
      "resolved": "https://registry.npmjs.org/dagre/-/dagre-0.8.5.tgz",
      "integrity": "sha512-/aTqmnRta7x7MCCpExk7HQL2O4owCT2h8NT//9I1OQ9vt29Pa0BzSAkR5lwFUcQ7491yVi/3CXU9jQ5o0Mn2Sw==",
      "dependencies": {
        "graphlib": "^2.1.8",
        "lodash": "^4.17.15"
      }
    },
    "node_modules/document-viz-wasm": {
      "resolved": "../wasm/pkg",
      "link": true
    },
    "node_modules/estree-walker": {
      "version": "2.0.2",
      "resolved": "https://registry.npmjs.org/estree-walker/-/estree-walker-2.0.2.tgz",
      "integrity": "sha512-Rfkk/Mp/DL7JVje3u18FxFujQlTNR2q6QfMSMB7AvCBx91NGj/ba3kCfza0f6dVDbw7YlRf/nDrn7pQrCCyQ/w==",
      "dev": true
    },
    "node_modules/graphlib": {
      "version": "2.1.8",
      "resolved": "https://registry.npmjs.org/graphlib/-/graphlib-2.1.8.tgz",
      "integrity": "sha512-jcLLfkpoVGmH7/InMC/1hIvOPSUh38oJtGhvrOFGzioE1DZ+0YW16RgmOJhHiuWTvGiJQ9Z1Ik43JvkRPRvE+A==",
      "dependencies": {
        "lodash": "^4.17.15"
      }
    },
    "node_modules/heap": {
      "version": "0.2.7",
      "resolved": "https://registry.npmjs.org/heap/-/heap-0.2.7.tgz",
      "integrity": "sha512-2bsegYkkHO+h/9MGbn6KWcE45cHZgPANo5LXF7EvWdT0yT2EguSVO1nDgU5c8+ZOPwp2vMNa7YFsJhVcDR9Sdg=="
    },
    "node_modules/javascript-color-gradient": {
      "version": "2.4.4",
      "resolved": "https://registry.npmjs.org/javascript-color-gradient/-/javascript-color-gradient-2.4.4.tgz",
      "integrity": "sha512-kbt3Y1eltW4X789P1eQzCUEB5X7hFmLNpQT4bgDFMtj/cW2v+j8ms/rLSR7jndZUAP6yya4vyeZK6bRqh6yClA=="
    },
    "node_modules/lodash": {
      "version": "4.17.21",
      "resolved": "https://registry.npmjs.org/lodash/-/lodash-4.17.21.tgz",
      "integrity": "sha512-v2kDEe57lecTulaDIuNTPy3Ry4gLGJ6Z1O3vE1krgXZNrsQ+LFTGHVxVjcXPs17LhbZVGedAJv8XZ1tvj5FvSg=="
    },
    "node_modules/picomatch": {
      "version": "2.3.1",
      "resolved": "https://registry.npmjs.org/picomatch/-/picomatch-2.3.1.tgz",
      "integrity": "sha512-JU3teHTNjmE2VCGFzuY8EXzCDVwEqB2a8fsIvwaStHhAWJEeVd1o1QD80CU6+ZdEXXSLbSsuLwJjkCBWqRQUVA==",
      "dev": true,
      "engines": {
        "node": ">=8.6"
      },
      "funding": {
        "url": "https://github.com/sponsors/jonschlinkert"
      }
    }
  }
}
